// !$*UTF8*$!
{
	archiveVersion = 1;
	classes = {
	};
	objectVersion = 50;
	objects = {

/* Begin PBXBuildFile section */
		A53A47A3222624990071A611 /* AppDelegate.m in Sources */ = {isa = PBXBuildFile; fileRef = A53A47A2222624990071A611 /* AppDelegate.m */; };
		A53A47A6222624990071A611 /* ViewController.m in Sources */ = {isa = PBXBuildFile; fileRef = A53A47A5222624990071A611 /* ViewController.m */; };
		A53A47A9222624990071A611 /* Main.storyboard in Resources */ = {isa = PBXBuildFile; fileRef = A53A47A7222624990071A611 /* Main.storyboard */; };
		A53A47AB2226249A0071A611 /* Assets.xcassets in Resources */ = {isa = PBXBuildFile; fileRef = A53A47AA2226249A0071A611 /* Assets.xcassets */; };
		A53A47AE2226249A0071A611 /* LaunchScreen.storyboard in Resources */ = {isa = PBXBuildFile; fileRef = A53A47AC2226249A0071A611 /* LaunchScreen.storyboard */; };
		A53A47B12226249A0071A611 /* main.m in Sources */ = {isa = PBXBuildFile; fileRef = A53A47B02226249A0071A611 /* main.m */; };
		A53A47BB2226249B0071A611 /* _____Tests.m in Sources */ = {isa = PBXBuildFile; fileRef = A53A47BA2226249B0071A611 /* _____Tests.m */; };
		A53A47C62226249B0071A611 /* _____UITests.m in Sources */ = {isa = PBXBuildFile; fileRef = A53A47C52226249B0071A611 /* _____UITests.m */; };
		A53A484A222628300071A611 /* FMDatabaseQueue.m in Sources */ = {isa = PBXBuildFile; fileRef = A53A483F222628300071A611 /* FMDatabaseQueue.m */; };
		A53A484B222628300071A611 /* FMDatabaseAdditions.m in Sources */ = {isa = PBXBuildFile; fileRef = A53A4842222628300071A611 /* FMDatabaseAdditions.m */; };
		A53A484C222628300071A611 /* FMDatabase.m in Sources */ = {isa = PBXBuildFile; fileRef = A53A4843222628300071A611 /* FMDatabase.m */; };
		A53A484D222628300071A611 /* FMDatabasePool.m in Sources */ = {isa = PBXBuildFile; fileRef = A53A4847222628300071A611 /* FMDatabasePool.m */; };
		A53A484E222628300071A611 /* FMResultSet.m in Sources */ = {isa = PBXBuildFile; fileRef = A53A4848222628300071A611 /* FMResultSet.m */; };
		A53A4852222628930071A611 /* libsqlite3.0.tbd in Frameworks */ = {isa = PBXBuildFile; fileRef = A53A4851222628930071A611 /* libsqlite3.0.tbd */; };
		A53A485522262AAF0071A611 /* Person.m in Sources */ = {isa = PBXBuildFile; fileRef = A53A485422262AAF0071A611 /* Person.m */; };
		A53A4862222671590071A611 /* YaoFMDBManager.m in Sources */ = {isa = PBXBuildFile; fileRef = A53A4861222671590071A611 /* YaoFMDBManager.m */; };
/* End PBXBuildFile section */

/* Begin PBXContainerItemProxy section */
		A53A47B72226249B0071A611 /* PBXContainerItemProxy */ = {
			isa = PBXContainerItemProxy;
			containerPortal = A53A4796222624990071A611 /* Project object */;
			proxyType = 1;
			remoteGlobalIDString = A53A479D222624990071A611;
			remoteInfo = "数据库操作";
		};
		A53A47C22226249B0071A611 /* PBXContainerItemProxy */ = {
			isa = PBXContainerItemProxy;
			containerPortal = A53A4796222624990071A611 /* Project object */;
			proxyType = 1;
			remoteGlobalIDString = A53A479D222624990071A611;
			remoteInfo = "数据库操作";
		};
/* End PBXContainerItemProxy section */

/* Begin PBXFileReference section */
		A53A479E222624990071A611 /* 数据库操作.app */ = {isa = PBXFileReference; explicitFileType = wrapper.application; includeInIndex = 0; path = "数据库操作.app"; sourceTree = BUILT_PRODUCTS_DIR; };
		A53A47A1222624990071A611 /* AppDelegate.h */ = {isa = PBXFileReference; lastKnownFileType = sourcecode.c.h; path = AppDelegate.h; sourceTree = "<group>"; };
		A53A47A2222624990071A611 /* AppDelegate.m */ = {isa = PBXFileReference; lastKnownFileType = sourcecode.c.objc; path = AppDelegate.m; sourceTree = "<group>"; };
		A53A47A4222624990071A611 /* ViewController.h */ = {isa = PBXFileReference; lastKnownFileType = sourcecode.c.h; path = ViewController.h; sourceTree = "<group>"; };
		A53A47A5222624990071A611 /* ViewController.m */ = {isa = PBXFileReference; lastKnownFileType = sourcecode.c.objc; path = ViewController.m; sourceTree = "<group>"; };
		A53A47A8222624990071A611 /* Base */ = {isa = PBXFileReference; lastKnownFileType = file.storyboard; name = Base; path = Base.lproj/Main.storyboard; sourceTree = "<group>"; };
		A53A47AA2226249A0071A611 /* Assets.xcassets */ = {isa = PBXFileReference; lastKnownFileType = folder.assetcatalog; path = Assets.xcassets; sourceTree = "<group>"; };
		A53A47AD2226249A0071A611 /* Base */ = {isa = PBXFileReference; lastKnownFileType = file.storyboard; name = Base; path = Base.lproj/LaunchScreen.storyboard; sourceTree = "<group>"; };
		A53A47AF2226249A0071A611 /* Info.plist */ = {isa = PBXFileReference; lastKnownFileType = text.plist.xml; path = Info.plist; sourceTree = "<group>"; };
		A53A47B02226249A0071A611 /* main.m */ = {isa = PBXFileReference; lastKnownFileType = sourcecode.c.objc; path = main.m; sourceTree = "<group>"; };
		A53A47B62226249B0071A611 /* 数据库操作Tests.xctest */ = {isa = PBXFileReference; explicitFileType = wrapper.cfbundle; includeInIndex = 0; path = "数据库操作Tests.xctest"; sourceTree = BUILT_PRODUCTS_DIR; };
		A53A47BA2226249B0071A611 /* _____Tests.m */ = {isa = PBXFileReference; lastKnownFileType = sourcecode.c.objc; path = "_____Tests.m"; sourceTree = "<group>"; };
		A53A47BC2226249B0071A611 /* Info.plist */ = {isa = PBXFileReference; lastKnownFileType = text.plist.xml; path = Info.plist; sourceTree = "<group>"; };
		A53A47C12226249B0071A611 /* 数据库操作UITests.xctest */ = {isa = PBXFileReference; explicitFileType = wrapper.cfbundle; includeInIndex = 0; path = "数据库操作UITests.xctest"; sourceTree = BUILT_PRODUCTS_DIR; };
		A53A47C52226249B0071A611 /* _____UITests.m */ = {isa = PBXFileReference; lastKnownFileType = sourcecode.c.objc; path = "_____UITests.m"; sourceTree = "<group>"; };
		A53A47C72226249B0071A611 /* Info.plist */ = {isa = PBXFileReference; lastKnownFileType = text.plist.xml; path = Info.plist; sourceTree = "<group>"; };
		A53A483E222628300071A611 /* FMDatabase.h */ = {isa = PBXFileReference; fileEncoding = 4; lastKnownFileType = sourcecode.c.h; path = FMDatabase.h; sourceTree = "<group>"; };
		A53A483F222628300071A611 /* FMDatabaseQueue.m */ = {isa = PBXFileReference; fileEncoding = 4; lastKnownFileType = sourcecode.c.objc; path = FMDatabaseQueue.m; sourceTree = "<group>"; };
		A53A4840222628300071A611 /* FMResultSet.h */ = {isa = PBXFileReference; fileEncoding = 4; lastKnownFileType = sourcecode.c.h; path = FMResultSet.h; sourceTree = "<group>"; };
		A53A4841222628300071A611 /* FMDatabasePool.h */ = {isa = PBXFileReference; fileEncoding = 4; lastKnownFileType = sourcecode.c.h; path = FMDatabasePool.h; sourceTree = "<group>"; };
		A53A4842222628300071A611 /* FMDatabaseAdditions.m */ = {isa = PBXFileReference; fileEncoding = 4; lastKnownFileType = sourcecode.c.objc; path = FMDatabaseAdditions.m; sourceTree = "<group>"; };
		A53A4843222628300071A611 /* FMDatabase.m */ = {isa = PBXFileReference; fileEncoding = 4; lastKnownFileType = sourcecode.c.objc; path = FMDatabase.m; sourceTree = "<group>"; };
		A53A4844222628300071A611 /* FMDatabaseQueue.h */ = {isa = PBXFileReference; fileEncoding = 4; lastKnownFileType = sourcecode.c.h; path = FMDatabaseQueue.h; sourceTree = "<group>"; };
		A53A4845222628300071A611 /* FMDB.h */ = {isa = PBXFileReference; fileEncoding = 4; lastKnownFileType = sourcecode.c.h; path = FMDB.h; sourceTree = "<group>"; };
		A53A4846222628300071A611 /* FMDatabaseAdditions.h */ = {isa = PBXFileReference; fileEncoding = 4; lastKnownFileType = sourcecode.c.h; path = FMDatabaseAdditions.h; sourceTree = "<group>"; };
		A53A4847222628300071A611 /* FMDatabasePool.m */ = {isa = PBXFileReference; fileEncoding = 4; lastKnownFileType = sourcecode.c.objc; path = FMDatabasePool.m; sourceTree = "<group>"; };
		A53A4848222628300071A611 /* FMResultSet.m */ = {isa = PBXFileReference; fileEncoding = 4; lastKnownFileType = sourcecode.c.objc; path = FMResultSet.m; sourceTree = "<group>"; };
		A53A4849222628300071A611 /* Info.plist */ = {isa = PBXFileReference; fileEncoding = 4; lastKnownFileType = text.plist.xml; path = Info.plist; sourceTree = "<group>"; };
		A53A4851222628930071A611 /* libsqlite3.0.tbd */ = {isa = PBXFileReference; lastKnownFileType = "sourcecode.text-based-dylib-definition"; name = libsqlite3.0.tbd; path = usr/lib/libsqlite3.0.tbd; sourceTree = SDKROOT; };
		A53A485322262AAF0071A611 /* Person.h */ = {isa = PBXFileReference; lastKnownFileType = sourcecode.c.h; path = Person.h; sourceTree = "<group>"; };
		A53A485422262AAF0071A611 /* Person.m */ = {isa = PBXFileReference; lastKnownFileType = sourcecode.c.objc; path = Person.m; sourceTree = "<group>"; };
		A53A4860222671590071A611 /* YaoFMDBManager.h */ = {isa = PBXFileReference; lastKnownFileType = sourcecode.c.h; path = YaoFMDBManager.h; sourceTree = "<group>"; };
		A53A4861222671590071A611 /* YaoFMDBManager.m */ = {isa = PBXFileReference; lastKnownFileType = sourcecode.c.objc; path = YaoFMDBManager.m; sourceTree = "<group>"; };
/* End PBXFileReference section */

/* Begin PBXFrameworksBuildPhase section */
		A53A479B222624990071A611 /* Frameworks */ = {
			isa = PBXFrameworksBuildPhase;
			buildActionMask = 2147483647;
			files = (
				A53A4852222628930071A611 /* libsqlite3.0.tbd in Frameworks */,
			);
			runOnlyForDeploymentPostprocessing = 0;
		};
		A53A47B32226249B0071A611 /* Frameworks */ = {
			isa = PBXFrameworksBuildPhase;
			buildActionMask = 2147483647;
			files = (
			);
			runOnlyForDeploymentPostprocessing = 0;
		};
		A53A47BE2226249B0071A611 /* Frameworks */ = {
			isa = PBXFrameworksBuildPhase;
			buildActionMask = 2147483647;
			files = (
			);
			runOnlyForDeploymentPostprocessing = 0;
		};
/* End PBXFrameworksBuildPhase section */

/* Begin PBXGroup section */
		A53A4795222624990071A611 = {
			isa = PBXGroup;
			children = (
				A53A47A0222624990071A611 /* 数据库操作 */,
				A53A47B92226249B0071A611 /* 数据库操作Tests */,
				A53A47C42226249B0071A611 /* 数据库操作UITests */,
				A53A479F222624990071A611 /* Products */,
				A53A4850222628930071A611 /* Frameworks */,
			);
			sourceTree = "<group>";
		};
		A53A479F222624990071A611 /* Products */ = {
			isa = PBXGroup;
			children = (
				A53A479E222624990071A611 /* 数据库操作.app */,
				A53A47B62226249B0071A611 /* 数据库操作Tests.xctest */,
				A53A47C12226249B0071A611 /* 数据库操作UITests.xctest */,
			);
			name = Products;
			sourceTree = "<group>";
		};
		A53A47A0222624990071A611 /* 数据库操作 */ = {
			isa = PBXGroup;
			children = (
				A53A483D222628300071A611 /* fmdb */,
				A53A47A1222624990071A611 /* AppDelegate.h */,
				A53A47A2222624990071A611 /* AppDelegate.m */,
				A53A47A4222624990071A611 /* ViewController.h */,
				A53A47A5222624990071A611 /* ViewController.m */,
				A53A485322262AAF0071A611 /* Person.h */,
				A53A485422262AAF0071A611 /* Person.m */,
				A53A4860222671590071A611 /* YaoFMDBManager.h */,
				A53A4861222671590071A611 /* YaoFMDBManager.m */,
				A53A47A7222624990071A611 /* Main.storyboard */,
				A53A47AA2226249A0071A611 /* Assets.xcassets */,
				A53A47AC2226249A0071A611 /* LaunchScreen.storyboard */,
				A53A47AF2226249A0071A611 /* Info.plist */,
				A53A47B02226249A0071A611 /* main.m */,
			);
			path = "数据库操作";
			sourceTree = "<group>";
		};
		A53A47B92226249B0071A611 /* 数据库操作Tests */ = {
			isa = PBXGroup;
			children = (
				A53A47BA2226249B0071A611 /* _____Tests.m */,
				A53A47BC2226249B0071A611 /* Info.plist */,
			);
			path = "数据库操作Tests";
			sourceTree = "<group>";
		};
		A53A47C42226249B0071A611 /* 数据库操作UITests */ = {
			isa = PBXGroup;
			children = (
				A53A47C52226249B0071A611 /* _____UITests.m */,
				A53A47C72226249B0071A611 /* Info.plist */,
			);
			path = "数据库操作UITests";
			sourceTree = "<group>";
		};
		A53A483D222628300071A611 /* fmdb */ = {
			isa = PBXGroup;
			children = (
				A53A483E222628300071A611 /* FMDatabase.h */,
				A53A483F222628300071A611 /* FMDatabaseQueue.m */,
				A53A4840222628300071A611 /* FMResultSet.h */,
				A53A4841222628300071A611 /* FMDatabasePool.h */,
				A53A4842222628300071A611 /* FMDatabaseAdditions.m */,
				A53A4843222628300071A611 /* FMDatabase.m */,
				A53A4844222628300071A611 /* FMDatabaseQueue.h */,
				A53A4845222628300071A611 /* FMDB.h */,
				A53A4846222628300071A611 /* FMDatabaseAdditions.h */,
				A53A4847222628300071A611 /* FMDatabasePool.m */,
				A53A4848222628300071A611 /* FMResultSet.m */,
				A53A4849222628300071A611 /* Info.plist */,
			);
			name = fmdb;
			path = ../../../Downloads/fmdb/src/fmdb;
			sourceTree = "<group>";
		};
		A53A4850222628930071A611 /* Frameworks */ = {
			isa = PBXGroup;
			children = (
				A53A4851222628930071A611 /* libsqlite3.0.tbd */,
			);
			name = Frameworks;
			sourceTree = "<group>";
		};
/* End PBXGroup section */

/* Begin PBXNativeTarget section */
		A53A479D222624990071A611 /* 数据库操作 */ = {
			isa = PBXNativeTarget;
			buildConfigurationList = A53A47CA2226249B0071A611 /* Build configuration list for PBXNativeTarget "数据库操作" */;
			buildPhases = (
				A53A479A222624990071A611 /* Sources */,
				A53A479B222624990071A611 /* Frameworks */,
				A53A479C222624990071A611 /* Resources */,
			);
			buildRules = (
			);
			dependencies = (
			);
			name = "数据库操作";
			productName = "数据库操作";
			productReference = A53A479E222624990071A611 /* 数据库操作.app */;
			productType = "com.apple.product-type.application";
		};
		A53A47B52226249B0071A611 /* 数据库操作Tests */ = {
			isa = PBXNativeTarget;
			buildConfigurationList = A53A47CD2226249B0071A611 /* Build configuration list for PBXNativeTarget "数据库操作Tests" */;
			buildPhases = (
				A53A47B22226249B0071A611 /* Sources */,
				A53A47B32226249B0071A611 /* Frameworks */,
				A53A47B42226249B0071A611 /* Resources */,
			);
			buildRules = (
			);
			dependencies = (
				A53A47B82226249B0071A611 /* PBXTargetDependency */,
			);
			name = "数据库操作Tests";
			productName = "数据库操作Tests";
			productReference = A53A47B62226249B0071A611 /* 数据库操作Tests.xctest */;
			productType = "com.apple.product-type.bundle.unit-test";
		};
		A53A47C02226249B0071A611 /* 数据库操作UITests */ = {
			isa = PBXNativeTarget;
			buildConfigurationList = A53A47D02226249B0071A611 /* Build configuration list for PBXNativeTarget "数据库操作UITests" */;
			buildPhases = (
				A53A47BD2226249B0071A611 /* Sources */,
				A53A47BE2226249B0071A611 /* Frameworks */,
				A53A47BF2226249B0071A611 /* Resources */,
			);
			buildRules = (
			);
			dependencies = (
				A53A47C32226249B0071A611 /* PBXTargetDependency */,
			);
			name = "数据库操作UITests";
			productName = "数据库操作UITests";
			productReference = A53A47C12226249B0071A611 /* 数据库操作UITests.xctest */;
			productType = "com.apple.product-type.bundle.ui-testing";
		};
/* End PBXNativeTarget section */

/* Begin PBXProject section */
		A53A4796222624990071A611 /* Project object */ = {
			isa = PBXProject;
			attributes = {
				LastUpgradeCheck = 1010;
				ORGANIZATIONNAME = shiyong;
				TargetAttributes = {
					A53A479D222624990071A611 = {
						CreatedOnToolsVersion = 10.1;
					};
					A53A47B52226249B0071A611 = {
						CreatedOnToolsVersion = 10.1;
						TestTargetID = A53A479D222624990071A611;
					};
					A53A47C02226249B0071A611 = {
						CreatedOnToolsVersion = 10.1;
						TestTargetID = A53A479D222624990071A611;
					};
				};
			};
			buildConfigurationList = A53A4799222624990071A611 /* Build configuration list for PBXProject "数据库操作" */;
			compatibilityVersion = "Xcode 9.3";
			developmentRegion = en;
			hasScannedForEncodings = 0;
			knownRegions = (
				en,
				Base,
			);
			mainGroup = A53A4795222624990071A611;
			productRefGroup = A53A479F222624990071A611 /* Products */;
			projectDirPath = "";
			projectRoot = "";
			targets = (
				A53A479D222624990071A611 /* 数据库操作 */,
				A53A47B52226249B0071A611 /* 数据库操作Tests */,
				A53A47C02226249B0071A611 /* 数据库操作UITests */,
			);
		};
/* End PBXProject section */

/* Begin PBXResourcesBuildPhase section */
		A53A479C222624990071A611 /* Resources */ = {
			isa = PBXResourcesBuildPhase;
			buildActionMask = 2147483647;
			files = (
				A53A47AE2226249A0071A611 /* LaunchScreen.storyboard in Resources */,
				A53A47AB2226249A0071A611 /* Assets.xcassets in Resources */,
				A53A47A9222624990071A611 /* Main.storyboard in Resources */,
			);
			runOnlyForDeploymentPostprocessing = 0;
		};
		A53A47B42226249B0071A611 /* Resources */ = {
			isa = PBXResourcesBuildPhase;
			buildActionMask = 2147483647;
			files = (
			);
			runOnlyForDeploymentPostprocessing = 0;
		};
		A53A47BF2226249B0071A611 /* Resources */ = {
			isa = PBXResourcesBuildPhase;
			buildActionMask = 2147483647;
			files = (
			);
			runOnlyForDeploymentPostprocessing = 0;
		};
/* End PBXResourcesBuildPhase section */

/* Begin PBXSourcesBuildPhase section */
		A53A479A222624990071A611 /* Sources */ = {
			isa = PBXSourcesBuildPhase;
			buildActionMask = 2147483647;
			files = (
				A53A47A6222624990071A611 /* ViewController.m in Sources */,
				A53A484A222628300071A611 /* FMDatabaseQueue.m in Sources */,
				A53A47B12226249A0071A611 /* main.m in Sources */,
				A53A484C222628300071A611 /* FMDatabase.m in Sources */,
				A53A484D222628300071A611 /* FMDatabasePool.m in Sources */,
				A53A47A3222624990071A611 /* AppDelegate.m in Sources */,
				A53A485522262AAF0071A611 /* Person.m in Sources */,
				A53A484E222628300071A611 /* FMResultSet.m in Sources */,
				A53A4862222671590071A611 /* YaoFMDBManager.m in Sources */,
				A53A484B222628300071A611 /* FMDatabaseAdditions.m in Sources */,
			);
			runOnlyForDeploymentPostprocessing = 0;
		};
		A53A47B22226249B0071A611 /* Sources */ = {
			isa = PBXSourcesBuildPhase;
			buildActionMask = 2147483647;
			files = (
				A53A47BB2226249B0071A611 /* _____Tests.m in Sources */,
			);
			runOnlyForDeploymentPostprocessing = 0;
		};
		A53A47BD2226249B0071A611 /* Sources */ = {
			isa = PBXSourcesBuildPhase;
			buildActionMask = 2147483647;
			files = (
				A53A47C62226249B0071A611 /* _____UITests.m in Sources */,
			);
			runOnlyForDeploymentPostprocessing = 0;
		};
/* End PBXSourcesBuildPhase section */

/* Begin PBXTargetDependency section */
		A53A47B82226249B0071A611 /* PBXTargetDependency */ = {
			isa = PBXTargetDependency;
			target = A53A479D222624990071A611 /* 数据库操作 */;
			targetProxy = A53A47B72226249B0071A611 /* PBXContainerItemProxy */;
		};
		A53A47C32226249B0071A611 /* PBXTargetDependency */ = {
			isa = PBXTargetDependency;
			target = A53A479D222624990071A611 /* 数据库操作 */;
			targetProxy = A53A47C22226249B0071A611 /* PBXContainerItemProxy */;
		};
/* End PBXTargetDependency section */

/* Begin PBXVariantGroup section */
		A53A47A7222624990071A611 /* Main.storyboard */ = {
			isa = PBXVariantGroup;
			children = (
				A53A47A8222624990071A611 /* Base */,
			);
			name = Main.storyboard;
			sourceTree = "<group>";
		};
		A53A47AC2226249A0071A611 /* LaunchScreen.storyboard */ = {
			isa = PBXVariantGroup;
			children = (
				A53A47AD2226249A0071A611 /* Base */,
			);
			name = LaunchScreen.storyboard;
			sourceTree = "<group>";
		};
/* End PBXVariantGroup section */

/* Begin XCBuildConfiguration section */
		A53A47C82226249B0071A611 /* Debug */ = {
			isa = XCBuildConfiguration;
			buildSettings = {
				ALWAYS_SEARCH_USER_PATHS = NO;
				CLANG_ANALYZER_NONNULL = YES;
				CLANG_ANALYZER_NUMBER_OBJECT_CONVERSION = YES_AGGRESSIVE;
				CLANG_CXX_LANGUAGE_STANDARD = "gnu++14";
				CLANG_CXX_LIBRARY = "libc++";
				CLANG_ENABLE_MODULES = YES;
				CLANG_ENABLE_OBJC_ARC = YES;
				CLANG_ENABLE_OBJC_WEAK = YES;
				CLANG_WARN_BLOCK_CAPTURE_AUTORELEASING = YES;
				CLANG_WARN_BOOL_CONVERSION = YES;
				CLANG_WARN_COMMA = YES;
				CLANG_WARN_CONSTANT_CONVERSION = YES;
				CLANG_WARN_DEPRECATED_OBJC_IMPLEMENTATIONS = YES;
				CLANG_WARN_DIRECT_OBJC_ISA_USAGE = YES_ERROR;
				CLANG_WARN_DOCUMENTATION_COMMENTS = YES;
				CLANG_WARN_EMPTY_BODY = YES;
				CLANG_WARN_ENUM_CONVERSION = YES;
				CLANG_WARN_INFINITE_RECURSION = YES;
				CLANG_WARN_INT_CONVERSION = YES;
				CLANG_WARN_NON_LITERAL_NULL_CONVERSION = YES;
				CLANG_WARN_OBJC_IMPLICIT_RETAIN_SELF = YES;
				CLANG_WARN_OBJC_LITERAL_CONVERSION = YES;
				CLANG_WARN_OBJC_ROOT_CLASS = YES_ERROR;
				CLANG_WARN_RANGE_LOOP_ANALYSIS = YES;
				CLANG_WARN_STRICT_PROTOTYPES = YES;
				CLANG_WARN_SUSPICIOUS_MOVE = YES;
				CLANG_WARN_UNGUARDED_AVAILABILITY = YES_AGGRESSIVE;
				CLANG_WARN_UNREACHABLE_CODE = YES;
				CLANG_WARN__DUPLICATE_METHOD_MATCH = YES;
				CODE_SIGN_IDENTITY = "iPhone Developer";
				COPY_PHASE_STRIP = NO;
				DEBUG_INFORMATION_FORMAT = dwarf;
				ENABLE_STRICT_OBJC_MSGSEND = YES;
				ENABLE_TESTABILITY = YES;
				GCC_C_LANGUAGE_STANDARD = gnu11;
				GCC_DYNAMIC_NO_PIC = NO;
				GCC_NO_COMMON_BLOCKS = YES;
				GCC_OPTIMIZATION_LEVEL = 0;
				GCC_PREPROCESSOR_DEFINITIONS = (
					"DEBUG=1",
					"$(inherited)",
				);
				GCC_WARN_64_TO_32_BIT_CONVERSION = YES;
				GCC_WARN_ABOUT_RETURN_TYPE = YES_ERROR;
				GCC_WARN_UNDECLARED_SELECTOR = YES;
				GCC_WARN_UNINITIALIZED_AUTOS = YES_AGGRESSIVE;
				GCC_WARN_UNUSED_FUNCTION = YES;
				GCC_WARN_UNUSED_VARIABLE = YES;
				IPHONEOS_DEPLOYMENT_TARGET = 12.1;
				MTL_ENABLE_DEBUG_INFO = INCLUDE_SOURCE;
				MTL_FAST_MATH = YES;
				ONLY_ACTIVE_ARCH = YES;
				SDKROOT = iphoneos;
			};
			name = Debug;
		};
		A53A47C92226249B0071A611 /* Release */ = {
			isa = XCBuildConfiguration;
			buildSettings = {
				ALWAYS_SEARCH_USER_PATHS = NO;
				CLANG_ANALYZER_NONNULL = YES;
				CLANG_ANALYZER_NUMBER_OBJECT_CONVERSION = YES_AGGRESSIVE;
				CLANG_CXX_LANGUAGE_STANDARD = "gnu++14";
				CLANG_CXX_LIBRARY = "libc++";
				CLANG_ENABLE_MODULES = YES;
				CLANG_ENABLE_OBJC_ARC = YES;
				CLANG_ENABLE_OBJC_WEAK = YES;
				CLANG_WARN_BLOCK_CAPTURE_AUTORELEASING = YES;
				CLANG_WARN_BOOL_CONVERSION = YES;
				CLANG_WARN_COMMA = YES;
				CLANG_WARN_CONSTANT_CONVERSION = YES;
				CLANG_WARN_DEPRECATED_OBJC_IMPLEMENTATIONS = YES;
				CLANG_WARN_DIRECT_OBJC_ISA_USAGE = YES_ERROR;
				CLANG_WARN_DOCUMENTATION_COMMENTS = YES;
				CLANG_WARN_EMPTY_BODY = YES;
				CLANG_WARN_ENUM_CONVERSION = YES;
				CLANG_WARN_INFINITE_RECURSION = YES;
				CLANG_WARN_INT_CONVERSION = YES;
				CLANG_WARN_NON_LITERAL_NULL_CONVERSION = YES;
				CLANG_WARN_OBJC_IMPLICIT_RETAIN_SELF = YES;
				CLANG_WARN_OBJC_LITERAL_CONVERSION = YES;
				CLANG_WARN_OBJC_ROOT_CLASS = YES_ERROR;
				CLANG_WARN_RANGE_LOOP_ANALYSIS = YES;
				CLANG_WARN_STRICT_PROTOTYPES = YES;
				CLANG_WARN_SUSPICIOUS_MOVE = YES;
				CLANG_WARN_UNGUARDED_AVAILABILITY = YES_AGGRESSIVE;
				CLANG_WARN_UNREACHABLE_CODE = YES;
				CLANG_WARN__DUPLICATE_METHOD_MATCH = YES;
				CODE_SIGN_IDENTITY = "iPhone Developer";
				COPY_PHASE_STRIP = NO;
				DEBUG_INFORMATION_FORMAT = "dwarf-with-dsym";
				ENABLE_NS_ASSERTIONS = NO;
				ENABLE_STRICT_OBJC_MSGSEND = YES;
				GCC_C_LANGUAGE_STANDARD = gnu11;
				GCC_NO_COMMON_BLOCKS = YES;
				GCC_WARN_64_TO_32_BIT_CONVERSION = YES;
				GCC_WARN_ABOUT_RETURN_TYPE = YES_ERROR;
				GCC_WARN_UNDECLARED_SELECTOR = YES;
				GCC_WARN_UNINITIALIZED_AUTOS = YES_AGGRESSIVE;
				GCC_WARN_UNUSED_FUNCTION = YES;
				GCC_WARN_UNUSED_VARIABLE = YES;
				IPHONEOS_DEPLOYMENT_TARGET = 12.1;
				MTL_ENABLE_DEBUG_INFO = NO;
				MTL_FAST_MATH = YES;
				SDKROOT = iphoneos;
				VALIDATE_PRODUCT = YES;
			};
			name = Release;
		};
		A53A47CB2226249B0071A611 /* Debug */ = {
			isa = XCBuildConfiguration;
			buildSettings = {
				ASSETCATALOG_COMPILER_APPICON_NAME = AppIcon;
				CODE_SIGN_STYLE = Automatic;
				DEVELOPMENT_TEAM = H34C373LW3;
				INFOPLIST_FILE = "数据库操作/Info.plist";
				IPHONEOS_DEPLOYMENT_TARGET = 9.0;
				LD_RUNPATH_SEARCH_PATHS = (
					"$(inherited)",
					"@executable_path/Frameworks",
				);
				PRODUCT_BUNDLE_IDENTIFIER = "shiyong.-----";
				PRODUCT_NAME = "$(TARGET_NAME)";
				TARGETED_DEVICE_FAMILY = "1,2";
			};
			name = Debug;
		};
		A53A47CC2226249B0071A611 /* Release */ = {
			isa = XCBuildConfiguration;
			buildSettings = {
				ASSETCATALOG_COMPILER_APPICON_NAME = AppIcon;
				CODE_SIGN_STYLE = Automatic;
				DEVELOPMENT_TEAM = H34C373LW3;
				INFOPLIST_FILE = "数据库操作/Info.plist";
				IPHONEOS_DEPLOYMENT_TARGET = 9.0;
				LD_RUNPATH_SEARCH_PATHS = (
					"$(inherited)",
					"@executable_path/Frameworks",
				);
				PRODUCT_BUNDLE_IDENTIFIER = "shiyong.-----";
				PRODUCT_NAME = "$(TARGET_NAME)";
				TARGETED_DEVICE_FAMILY = "1,2";
			};
			name = Release;
		};
		A53A47CE2226249B0071A611 /* Debug */ = {
			isa = XCBuildConfiguration;
			buildSettings = {
				BUNDLE_LOADER = "$(TEST_HOST)";
				CODE_SIGN_STYLE = Automatic;
				INFOPLIST_FILE = "数据库操作Tests/Info.plist";
				LD_RUNPATH_SEARCH_PATHS = (
					"$(inherited)",
					"@executable_path/Frameworks",
					"@loader_path/Frameworks",
				);
				PRODUCT_BUNDLE_IDENTIFIER = "shiyong.-----Tests";
				PRODUCT_NAME = "$(TARGET_NAME)";
				TARGETED_DEVICE_FAMILY = "1,2";
				TEST_HOST = "$(BUILT_PRODUCTS_DIR)/数据库操作.app/数据库操作";
			};
			name = Debug;
		};
		A53A47CF2226249B0071A611 /* Release */ = {
			isa = XCBuildConfiguration;
			buildSettings = {
				BUNDLE_LOADER = "$(TEST_HOST)";
				CODE_SIGN_STYLE = Automatic;
				INFOPLIST_FILE = "数据库操作Tests/Info.plist";
				LD_RUNPATH_SEARCH_PATHS = (
					"$(inherited)",
					"@executable_path/Frameworks",
					"@loader_path/Frameworks",
				);
				PRODUCT_BUNDLE_IDENTIFIER = "shiyong.-----Tests";
				PRODUCT_NAME = "$(TARGET_NAME)";
				TARGETED_DEVICE_FAMILY = "1,2";
				TEST_HOST = "$(BUILT_PRODUCTS_DIR)/数据库操作.app/数据库操作";
			};
			name = Release;
		};
		A53A47D12226249B0071A611 /* Debug */ = {
			isa = XCBuildConfiguration;
			buildSettings = {
				CODE_SIGN_STYLE = Automatic;
				INFOPLIST_FILE = "数据库操作UITests/Info.plist";
				LD_RUNPATH_SEARCH_PATHS = (
					"$(inherited)",
					"@executable_path/Frameworks",
					"@loader_path/Frameworks",
				);
				PRODUCT_BUNDLE_IDENTIFIER = "shiyong.-----UITests";
				PRODUCT_NAME = "$(TARGET_NAME)";
				TARGETED_DEVICE_FAMILY = "1,2";
				TEST_TARGET_NAME = "数据库操作";
			};
			name = Debug;
		};
		A53A47D22226249B0071A611 /* Release */ = {
			isa = XCBuildConfiguration;
			buildSettings = {
				CODE_SIGN_STYLE = Automatic;
				INFOPLIST_FILE = "数据库操作UITests/Info.plist";
				LD_RUNPATH_SEARCH_PATHS = (
					"$(inherited)",
					"@executable_path/Frameworks",
					"@loader_path/Frameworks",
				);
				PRODUCT_BUNDLE_IDENTIFIER = "shiyong.-----UITests";
				PRODUCT_NAME = "$(TARGET_NAME)";
				TARGETED_DEVICE_FAMILY = "1,2";
				TEST_TARGET_NAME = "数据库操作";
			};
			name = Release;
		};
/* End XCBuildConfiguration section */

/* Begin XCConfigurationList section */
		A53A4799222624990071A611 /* Build configuration list for PBXProject "数据库操作" */ = {
			isa = XCConfigurationList;
			buildConfigurations = (
				A53A47C82226249B0071A611 /* Debug */,
				A53A47C92226249B0071A611 /* Release */,
			);
			defaultConfigurationIsVisible = 0;
			defaultConfigurationName = Release;
		};
		A53A47CA2226249B0071A611 /* Build configuration list for PBXNativeTarget "数据库操作" */ = {
			isa = XCConfigurationList;
			buildConfigurations = (
				A53A47CB2226249B0071A611 /* Debug */,
				A53A47CC2226249B0071A611 /* Release */,
			);
			defaultConfigurationIsVisible = 0;
			defaultConfigurationName = Release;
		};
		A53A47CD2226249B0071A611 /* Build configuration list for PBXNativeTarget "数据库操作Tests" */ = {
			isa = XCConfigurationList;
			buildConfigurations = (
				A53A47CE2226249B0071A611 /* Debug */,
				A53A47CF2226249B0071A611 /* Release */,
			);
			defaultConfigurationIsVisible = 0;
			defaultConfigurationName = Release;
		};
		A53A47D02226249B0071A611 /* Build configuration list for PBXNativeTarget "数据库操作UITests" */ = {
			isa = XCConfigurationList;
			buildConfigurations = (
				A53A47D12226249B0071A611 /* Debug */,
				A53A47D22226249B0071A611 /* Release */,
			);
			defaultConfigurationIsVisible = 0;
			defaultConfigurationName = Release;
		};
/* End XCConfigurationList section */
	};
	rootObject = A53A4796222624990071A611 /* Project object */;
}
